// !$*UTF8*$!
{
	archiveVersion = 1;
	classes = {
	};
	objectVersion = 50;
	objects = {

/* Begin PBXBuildFile section */
		66575B4D22E180780001DC16 /* AppDelegate.swift in Sources */ = {isa = PBXBuildFile; fileRef = 66575B4C22E180780001DC16 /* AppDelegate.swift */; };
		66575B5222E180780001DC16 /* Main.storyboard in Resources */ = {isa = PBXBuildFile; fileRef = 66575B5022E180780001DC16 /* Main.storyboard */; };
		66575B5422E180790001DC16 /* Assets.xcassets in Resources */ = {isa = PBXBuildFile; fileRef = 66575B5322E180790001DC16 /* Assets.xcassets */; };
		66575B5722E180790001DC16 /* LaunchScreen.storyboard in Resources */ = {isa = PBXBuildFile; fileRef = 66575B5522E180790001DC16 /* LaunchScreen.storyboard */; };
		66575B6222E180790001DC16 /* MovieSearchTests.swift in Sources */ = {isa = PBXBuildFile; fileRef = 66575B6122E180790001DC16 /* MovieSearchTests.swift */; };
		66575B7322E182A60001DC16 /* MovieListTableViewController.swift in Sources */ = {isa = PBXBuildFile; fileRef = 66575B7222E182A60001DC16 /* MovieListTableViewController.swift */; };
		66575B7822E183640001DC16 /* MovieCell.swift in Sources */ = {isa = PBXBuildFile; fileRef = 66575B7622E183640001DC16 /* MovieCell.swift */; };
		668F55742322BF4D0022CDFD /* URLSessionExtension.swift in Sources */ = {isa = PBXBuildFile; fileRef = 668F55732322BF4D0022CDFD /* URLSessionExtension.swift */; };
		66E49C5B2323194500625F3B /* MoviePage.swift in Sources */ = {isa = PBXBuildFile; fileRef = 66E49C5A2323194500625F3B /* MoviePage.swift */; };
		66E5D4362322C29F00431E49 /* APIServiceError.swift in Sources */ = {isa = PBXBuildFile; fileRef = 66E5D4352322C29F00431E49 /* APIServiceError.swift */; };
		66E5D4382322C2E400431E49 /* APIService.swift in Sources */ = {isa = PBXBuildFile; fileRef = 66E5D4372322C2E400431E49 /* APIService.swift */; };
		FD2CFD2922E24218005A2386 /* SplashAnimationView.swift in Sources */ = {isa = PBXBuildFile; fileRef = FD2CFD2822E24218005A2386 /* SplashAnimationView.swift */; };
		FD2CFD2B22E24227005A2386 /* SplashAnimationView.xib in Resources */ = {isa = PBXBuildFile; fileRef = FD2CFD2A22E24227005A2386 /* SplashAnimationView.xib */; };
		FD2CFD2E22E247C9005A2386 /* SplashViewController.swift in Sources */ = {isa = PBXBuildFile; fileRef = FD2CFD2D22E247C9005A2386 /* SplashViewController.swift */; };
		FD2CFD3022E2497F005A2386 /* UIViewExtension.swift in Sources */ = {isa = PBXBuildFile; fileRef = FD2CFD2F22E2497F005A2386 /* UIViewExtension.swift */; };
		FD2CFD3222E2636F005A2386 /* NoResultsView.xib in Resources */ = {isa = PBXBuildFile; fileRef = FD2CFD3122E2636F005A2386 /* NoResultsView.xib */; };
		FD2CFD3422E26508005A2386 /* NoResultsView.swift in Sources */ = {isa = PBXBuildFile; fileRef = FD2CFD3322E26508005A2386 /* NoResultsView.swift */; };
		FD2CFD3722E266B4005A2386 /* MovieService.swift in Sources */ = {isa = PBXBuildFile; fileRef = FD2CFD3622E266B4005A2386 /* MovieService.swift */; };
		FD2CFD4022E2ABD4005A2386 /* LoadingImageView.swift in Sources */ = {isa = PBXBuildFile; fileRef = FD2CFD3F22E2ABD4005A2386 /* LoadingImageView.swift */; };
		FDCC333122E22E0C000B6674 /* Movie.swift in Sources */ = {isa = PBXBuildFile; fileRef = FDCC333022E22E0C000B6674 /* Movie.swift */; };
/* End PBXBuildFile section */

/* Begin PBXContainerItemProxy section */
		66575B5E22E180790001DC16 /* PBXContainerItemProxy */ = {
			isa = PBXContainerItemProxy;
			containerPortal = 66575B4122E180780001DC16 /* Project object */;
			proxyType = 1;
			remoteGlobalIDString = 66575B4822E180780001DC16;
			remoteInfo = MovieSearch;
		};
/* End PBXContainerItemProxy section */

/* Begin PBXFileReference section */
		66575B4922E180780001DC16 /* MovieSearch.app */ = {isa = PBXFileReference; explicitFileType = wrapper.application; includeInIndex = 0; path = MovieSearch.app; sourceTree = BUILT_PRODUCTS_DIR; };
		66575B4C22E180780001DC16 /* AppDelegate.swift */ = {isa = PBXFileReference; lastKnownFileType = sourcecode.swift; path = AppDelegate.swift; sourceTree = "<group>"; };
		66575B5122E180780001DC16 /* Base */ = {isa = PBXFileReference; lastKnownFileType = file.storyboard; name = Base; path = Base.lproj/Main.storyboard; sourceTree = "<group>"; };
		66575B5322E180790001DC16 /* Assets.xcassets */ = {isa = PBXFileReference; lastKnownFileType = folder.assetcatalog; path = Assets.xcassets; sourceTree = "<group>"; };
		66575B5622E180790001DC16 /* Base */ = {isa = PBXFileReference; lastKnownFileType = file.storyboard; name = Base; path = Base.lproj/LaunchScreen.storyboard; sourceTree = "<group>"; };
		66575B5822E180790001DC16 /* Info.plist */ = {isa = PBXFileReference; lastKnownFileType = text.plist.xml; path = Info.plist; sourceTree = "<group>"; };
		66575B5D22E180790001DC16 /* MovieSearchTests.xctest */ = {isa = PBXFileReference; explicitFileType = wrapper.cfbundle; includeInIndex = 0; path = MovieSearchTests.xctest; sourceTree = BUILT_PRODUCTS_DIR; };
		66575B6122E180790001DC16 /* MovieSearchTests.swift */ = {isa = PBXFileReference; lastKnownFileType = sourcecode.swift; path = MovieSearchTests.swift; sourceTree = "<group>"; };
		66575B6322E180790001DC16 /* Info.plist */ = {isa = PBXFileReference; lastKnownFileType = text.plist.xml; path = Info.plist; sourceTree = "<group>"; };
		66575B7222E182A60001DC16 /* MovieListTableViewController.swift */ = {isa = PBXFileReference; lastKnownFileType = sourcecode.swift; path = MovieListTableViewController.swift; sourceTree = "<group>"; };
		66575B7622E183640001DC16 /* MovieCell.swift */ = {isa = PBXFileReference; lastKnownFileType = sourcecode.swift; path = MovieCell.swift; sourceTree = "<group>"; };
		668F55732322BF4D0022CDFD /* URLSessionExtension.swift */ = {isa = PBXFileReference; lastKnownFileType = sourcecode.swift; path = URLSessionExtension.swift; sourceTree = "<group>"; };
		66E49C5A2323194500625F3B /* MoviePage.swift */ = {isa = PBXFileReference; lastKnownFileType = sourcecode.swift; path = MoviePage.swift; sourceTree = "<group>"; };
		66E5D4352322C29F00431E49 /* APIServiceError.swift */ = {isa = PBXFileReference; lastKnownFileType = sourcecode.swift; path = APIServiceError.swift; sourceTree = "<group>"; };
		66E5D4372322C2E400431E49 /* APIService.swift */ = {isa = PBXFileReference; lastKnownFileType = sourcecode.swift; path = APIService.swift; sourceTree = "<group>"; };
		FD2CFD2822E24218005A2386 /* SplashAnimationView.swift */ = {isa = PBXFileReference; lastKnownFileType = sourcecode.swift; path = SplashAnimationView.swift; sourceTree = "<group>"; };
		FD2CFD2A22E24227005A2386 /* SplashAnimationView.xib */ = {isa = PBXFileReference; lastKnownFileType = file.xib; path = SplashAnimationView.xib; sourceTree = "<group>"; };
		FD2CFD2D22E247C9005A2386 /* SplashViewController.swift */ = {isa = PBXFileReference; lastKnownFileType = sourcecode.swift; path = SplashViewController.swift; sourceTree = "<group>"; };
		FD2CFD2F22E2497F005A2386 /* UIViewExtension.swift */ = {isa = PBXFileReference; lastKnownFileType = sourcecode.swift; path = UIViewExtension.swift; sourceTree = "<group>"; };
		FD2CFD3122E2636F005A2386 /* NoResultsView.xib */ = {isa = PBXFileReference; lastKnownFileType = file.xib; path = NoResultsView.xib; sourceTree = "<group>"; };
		FD2CFD3322E26508005A2386 /* NoResultsView.swift */ = {isa = PBXFileReference; lastKnownFileType = sourcecode.swift; path = NoResultsView.swift; sourceTree = "<group>"; };
		FD2CFD3622E266B4005A2386 /* MovieService.swift */ = {isa = PBXFileReference; lastKnownFileType = sourcecode.swift; path = MovieService.swift; sourceTree = "<group>"; };
		FD2CFD3F22E2ABD4005A2386 /* LoadingImageView.swift */ = {isa = PBXFileReference; lastKnownFileType = sourcecode.swift; path = LoadingImageView.swift; sourceTree = "<group>"; };
		FDCC333022E22E0C000B6674 /* Movie.swift */ = {isa = PBXFileReference; lastKnownFileType = sourcecode.swift; path = Movie.swift; sourceTree = "<group>"; };
/* End PBXFileReference section */

/* Begin PBXFrameworksBuildPhase section */
		66575B4622E180780001DC16 /* Frameworks */ = {
			isa = PBXFrameworksBuildPhase;
			buildActionMask = 2147483647;
			files = (
			);
			runOnlyForDeploymentPostprocessing = 0;
		};
		66575B5A22E180790001DC16 /* Frameworks */ = {
			isa = PBXFrameworksBuildPhase;
			buildActionMask = 2147483647;
			files = (
			);
			runOnlyForDeploymentPostprocessing = 0;
		};
/* End PBXFrameworksBuildPhase section */

/* Begin PBXGroup section */
		66575B4022E180780001DC16 = {
			isa = PBXGroup;
			children = (
				66575B4B22E180780001DC16 /* MovieSearch */,
				66575B6022E180790001DC16 /* MovieSearchTests */,
				66575B4A22E180780001DC16 /* Products */,
			);
			sourceTree = "<group>";
		};
		66575B4A22E180780001DC16 /* Products */ = {
			isa = PBXGroup;
			children = (
				66575B4922E180780001DC16 /* MovieSearch.app */,
				66575B5D22E180790001DC16 /* MovieSearchTests.xctest */,
			);
			name = Products;
			sourceTree = "<group>";
		};
		66575B4B22E180780001DC16 /* MovieSearch */ = {
			isa = PBXGroup;
			children = (
				66575B4C22E180780001DC16 /* AppDelegate.swift */,
				66575B6E22E182240001DC16 /* Model */,
				66575B6F22E1822A0001DC16 /* Views */,
				66575B7122E182510001DC16 /* ViewController */,
				66575B6D22E1821A0001DC16 /* Storyboard */,
				FD2CFD3822E26937005A2386 /* Extensions */,
				66E5D4342322C28400431E49 /* Helpers */,
				66575B6C22E180C20001DC16 /* Resources */,
			);
			path = MovieSearch;
			sourceTree = "<group>";
		};
		66575B6022E180790001DC16 /* MovieSearchTests */ = {
			isa = PBXGroup;
			children = (
				66575B6122E180790001DC16 /* MovieSearchTests.swift */,
				66575B6322E180790001DC16 /* Info.plist */,
			);
			path = MovieSearchTests;
			sourceTree = "<group>";
		};
		66575B6C22E180C20001DC16 /* Resources */ = {
			isa = PBXGroup;
			children = (
				66575B5322E180790001DC16 /* Assets.xcassets */,
				66575B5522E180790001DC16 /* LaunchScreen.storyboard */,
				66575B5822E180790001DC16 /* Info.plist */,
			);
			path = Resources;
			sourceTree = "<group>";
		};
		66575B6D22E1821A0001DC16 /* Storyboard */ = {
			isa = PBXGroup;
			children = (
				66575B5022E180780001DC16 /* Main.storyboard */,
			);
			path = Storyboard;
			sourceTree = "<group>";
		};
		66575B6E22E182240001DC16 /* Model */ = {
			isa = PBXGroup;
			children = (
				FDCC333022E22E0C000B6674 /* Movie.swift */,
				66E49C5A2323194500625F3B /* MoviePage.swift */,
			);
			path = Model;
			sourceTree = "<group>";
		};
		66575B6F22E1822A0001DC16 /* Views */ = {
			isa = PBXGroup;
			children = (
				FD2CFD2C22E2422D005A2386 /* SplashAnimationView */,
				FD2CFD3522E26512005A2386 /* NoResultsView */,
				FD2CFD3F22E2ABD4005A2386 /* LoadingImageView.swift */,
				66575B7622E183640001DC16 /* MovieCell.swift */,
			);
			path = Views;
			sourceTree = "<group>";
		};
		66575B7122E182510001DC16 /* ViewController */ = {
			isa = PBXGroup;
			children = (
				FD2CFD2D22E247C9005A2386 /* SplashViewController.swift */,
				66575B7222E182A60001DC16 /* MovieListTableViewController.swift */,
			);
			path = ViewController;
			sourceTree = "<group>";
		};
		66E5D4342322C28400431E49 /* Helpers */ = {
			isa = PBXGroup;
			children = (
				FD2CFD3622E266B4005A2386 /* MovieService.swift */,
				66E5D4372322C2E400431E49 /* APIService.swift */,
				66E5D4352322C29F00431E49 /* APIServiceError.swift */,
			);
			path = Helpers;
			sourceTree = "<group>";
		};
		FD2CFD2C22E2422D005A2386 /* SplashAnimationView */ = {
			isa = PBXGroup;
			children = (
				FD2CFD2822E24218005A2386 /* SplashAnimationView.swift */,
				FD2CFD2A22E24227005A2386 /* SplashAnimationView.xib */,
			);
			path = SplashAnimationView;
			sourceTree = "<group>";
		};
		FD2CFD3522E26512005A2386 /* NoResultsView */ = {
			isa = PBXGroup;
			children = (
				FD2CFD3322E26508005A2386 /* NoResultsView.swift */,
				FD2CFD3122E2636F005A2386 /* NoResultsView.xib */,
			);
			path = NoResultsView;
			sourceTree = "<group>";
		};
		FD2CFD3822E26937005A2386 /* Extensions */ = {
			isa = PBXGroup;
			children = (
				FD2CFD2F22E2497F005A2386 /* UIViewExtension.swift */,
				668F55732322BF4D0022CDFD /* URLSessionExtension.swift */,
			);
			path = Extensions;
			sourceTree = "<group>";
		};
/* End PBXGroup section */

/* Begin PBXNativeTarget section */
		66575B4822E180780001DC16 /* MovieSearch */ = {
			isa = PBXNativeTarget;
			buildConfigurationList = 66575B6622E180790001DC16 /* Build configuration list for PBXNativeTarget "MovieSearch" */;
			buildPhases = (
				66575B4522E180780001DC16 /* Sources */,
				66575B4622E180780001DC16 /* Frameworks */,
				66575B4722E180780001DC16 /* Resources */,
			);
			buildRules = (
			);
			dependencies = (
			);
			name = MovieSearch;
			productName = MovieSearch;
			productReference = 66575B4922E180780001DC16 /* MovieSearch.app */;
			productType = "com.apple.product-type.application";
		};
		66575B5C22E180790001DC16 /* MovieSearchTests */ = {
			isa = PBXNativeTarget;
			buildConfigurationList = 66575B6922E180790001DC16 /* Build configuration list for PBXNativeTarget "MovieSearchTests" */;
			buildPhases = (
				66575B5922E180790001DC16 /* Sources */,
				66575B5A22E180790001DC16 /* Frameworks */,
				66575B5B22E180790001DC16 /* Resources */,
			);
			buildRules = (
			);
			dependencies = (
				66575B5F22E180790001DC16 /* PBXTargetDependency */,
			);
			name = MovieSearchTests;
			productName = MovieSearchTests;
			productReference = 66575B5D22E180790001DC16 /* MovieSearchTests.xctest */;
			productType = "com.apple.product-type.bundle.unit-test";
		};
/* End PBXNativeTarget section */

/* Begin PBXProject section */
		66575B4122E180780001DC16 /* Project object */ = {
			isa = PBXProject;
			attributes = {
				LastSwiftUpdateCheck = 1020;
				LastUpgradeCheck = 1020;
				ORGANIZATIONNAME = Twitter;
				TargetAttributes = {
					66575B4822E180780001DC16 = {
						CreatedOnToolsVersion = 10.2.1;
					};
					66575B5C22E180790001DC16 = {
						CreatedOnToolsVersion = 10.2.1;
						TestTargetID = 66575B4822E180780001DC16;
					};
				};
			};
			buildConfigurationList = 66575B4422E180780001DC16 /* Build configuration list for PBXProject "MovieSearch" */;
			compatibilityVersion = "Xcode 9.3";
			developmentRegion = en;
			hasScannedForEncodings = 0;
			knownRegions = (
				en,
				Base,
			);
			mainGroup = 66575B4022E180780001DC16;
			productRefGroup = 66575B4A22E180780001DC16 /* Products */;
			projectDirPath = "";
			projectRoot = "";
			targets = (
				66575B4822E180780001DC16 /* MovieSearch */,
				66575B5C22E180790001DC16 /* MovieSearchTests */,
			);
		};
/* End PBXProject section */

/* Begin PBXResourcesBuildPhase section */
		66575B4722E180780001DC16 /* Resources */ = {
			isa = PBXResourcesBuildPhase;
			buildActionMask = 2147483647;
			files = (
				66575B5722E180790001DC16 /* LaunchScreen.storyboard in Resources */,
				FD2CFD2B22E24227005A2386 /* SplashAnimationView.xib in Resources */,
				66575B5422E180790001DC16 /* Assets.xcassets in Resources */,
				FD2CFD3222E2636F005A2386 /* NoResultsView.xib in Resources */,
				66575B5222E180780001DC16 /* Main.storyboard in Resources */,
			);
			runOnlyForDeploymentPostprocessing = 0;
		};
		66575B5B22E180790001DC16 /* Resources */ = {
			isa = PBXResourcesBuildPhase;
			buildActionMask = 2147483647;
			files = (
			);
			runOnlyForDeploymentPostprocessing = 0;
		};
/* End PBXResourcesBuildPhase section */

/* Begin PBXSourcesBuildPhase section */
		66575B4522E180780001DC16 /* Sources */ = {
			isa = PBXSourcesBuildPhase;
			buildActionMask = 2147483647;
			files = (
				FD2CFD2922E24218005A2386 /* SplashAnimationView.swift in Sources */,
				66E5D4362322C29F00431E49 /* APIServiceError.swift in Sources */,
				66575B7322E182A60001DC16 /* MovieListTableViewController.swift in Sources */,
				FD2CFD2E22E247C9005A2386 /* SplashViewController.swift in Sources */,
				FD2CFD3422E26508005A2386 /* NoResultsView.swift in Sources */,
				66E49C5B2323194500625F3B /* MoviePage.swift in Sources */,
				FD2CFD4022E2ABD4005A2386 /* LoadingImageView.swift in Sources */,
				66575B4D22E180780001DC16 /* AppDelegate.swift in Sources */,
				FD2CFD3722E266B4005A2386 /* MovieService.swift in Sources */,
				668F55742322BF4D0022CDFD /* URLSessionExtension.swift in Sources */,
				66E5D4382322C2E400431E49 /* APIService.swift in Sources */,
				FD2CFD3022E2497F005A2386 /* UIViewExtension.swift in Sources */,
				FDCC333122E22E0C000B6674 /* Movie.swift in Sources */,
				66575B7822E183640001DC16 /* MovieCell.swift in Sources */,
			);
			runOnlyForDeploymentPostprocessing = 0;
		};
		66575B5922E180790001DC16 /* Sources */ = {
			isa = PBXSourcesBuildPhase;
			buildActionMask = 2147483647;
			files = (
				66575B6222E180790001DC16 /* MovieSearchTests.swift in Sources */,
			);
			runOnlyForDeploymentPostprocessing = 0;
		};
/* End PBXSourcesBuildPhase section */

/* Begin PBXTargetDependency section */
		66575B5F22E180790001DC16 /* PBXTargetDependency */ = {
			isa = PBXTargetDependency;
			target = 66575B4822E180780001DC16 /* MovieSearch */;
			targetProxy = 66575B5E22E180790001DC16 /* PBXContainerItemProxy */;
		};
/* End PBXTargetDependency section */

/* Begin PBXVariantGroup section */
		66575B5022E180780001DC16 /* Main.storyboard */ = {
			isa = PBXVariantGroup;
			children = (
				66575B5122E180780001DC16 /* Base */,
			);
			name = Main.storyboard;
			sourceTree = "<group>";
		};
		66575B5522E180790001DC16 /* LaunchScreen.storyboard */ = {
			isa = PBXVariantGroup;
			children = (
				66575B5622E180790001DC16 /* Base */,
			);
			name = LaunchScreen.storyboard;
			sourceTree = "<group>";
		};
/* End PBXVariantGroup section */

/* Begin XCBuildConfiguration section */
		66575B6422E180790001DC16 /* Debug */ = {
			isa = XCBuildConfiguration;
			buildSettings = {
				ALWAYS_SEARCH_USER_PATHS = NO;
				CLANG_ANALYZER_NONNULL = YES;
				CLANG_ANALYZER_NUMBER_OBJECT_CONVERSION = YES_AGGRESSIVE;
				CLANG_CXX_LANGUAGE_STANDARD = "gnu++14";
				CLANG_CXX_LIBRARY = "libc++";
				CLANG_ENABLE_MODULES = YES;
				CLANG_ENABLE_OBJC_ARC = YES;
				CLANG_ENABLE_OBJC_WEAK = YES;
				CLANG_WARN_BLOCK_CAPTURE_AUTORELEASING = YES;
				CLANG_WARN_BOOL_CONVERSION = YES;
				CLANG_WARN_COMMA = YES;
				CLANG_WARN_CONSTANT_CONVERSION = YES;
				CLANG_WARN_DEPRECATED_OBJC_IMPLEMENTATIONS = YES;
				CLANG_WARN_DIRECT_OBJC_ISA_USAGE = YES_ERROR;
				CLANG_WARN_DOCUMENTATION_COMMENTS = YES;
				CLANG_WARN_EMPTY_BODY = YES;
				CLANG_WARN_ENUM_CONVERSION = YES;
				CLANG_WARN_INFINITE_RECURSION = YES;
				CLANG_WARN_INT_CONVERSION = YES;
				CLANG_WARN_NON_LITERAL_NULL_CONVERSION = YES;
				CLANG_WARN_OBJC_IMPLICIT_RETAIN_SELF = YES;
				CLANG_WARN_OBJC_LITERAL_CONVERSION = YES;
				CLANG_WARN_OBJC_ROOT_CLASS = YES_ERROR;
				CLANG_WARN_RANGE_LOOP_ANALYSIS = YES;
				CLANG_WARN_STRICT_PROTOTYPES = YES;
				CLANG_WARN_SUSPICIOUS_MOVE = YES;
				CLANG_WARN_UNGUARDED_AVAILABILITY = YES_AGGRESSIVE;
				CLANG_WARN_UNREACHABLE_CODE = YES;
				CLANG_WARN__DUPLICATE_METHOD_MATCH = YES;
				CODE_SIGN_IDENTITY = "iPhone Developer";
				COPY_PHASE_STRIP = NO;
				DEBUG_INFORMATION_FORMAT = dwarf;
				ENABLE_STRICT_OBJC_MSGSEND = YES;
				ENABLE_TESTABILITY = YES;
				GCC_C_LANGUAGE_STANDARD = gnu11;
				GCC_DYNAMIC_NO_PIC = NO;
				GCC_NO_COMMON_BLOCKS = YES;
				GCC_OPTIMIZATION_LEVEL = 0;
				GCC_PREPROCESSOR_DEFINITIONS = (
					"DEBUG=1",
					"$(inherited)",
				);
				GCC_WARN_64_TO_32_BIT_CONVERSION = YES;
				GCC_WARN_ABOUT_RETURN_TYPE = YES_ERROR;
				GCC_WARN_UNDECLARED_SELECTOR = YES;
				GCC_WARN_UNINITIALIZED_AUTOS = YES_AGGRESSIVE;
				GCC_WARN_UNUSED_FUNCTION = YES;
				GCC_WARN_UNUSED_VARIABLE = YES;
				IPHONEOS_DEPLOYMENT_TARGET = 12.2;
				MTL_ENABLE_DEBUG_INFO = INCLUDE_SOURCE;
				MTL_FAST_MATH = YES;
				ONLY_ACTIVE_ARCH = YES;
				SDKROOT = iphoneos;
				SWIFT_ACTIVE_COMPILATION_CONDITIONS = DEBUG;
				SWIFT_OPTIMIZATION_LEVEL = "-Onone";
			};
			name = Debug;
		};
		66575B6522E180790001DC16 /* Release */ = {
			isa = XCBuildConfiguration;
			buildSettings = {
				ALWAYS_SEARCH_USER_PATHS = NO;
				CLANG_ANALYZER_NONNULL = YES;
				CLANG_ANALYZER_NUMBER_OBJECT_CONVERSION = YES_AGGRESSIVE;
				CLANG_CXX_LANGUAGE_STANDARD = "gnu++14";
				CLANG_CXX_LIBRARY = "libc++";
				CLANG_ENABLE_MODULES = YES;
				CLANG_ENABLE_OBJC_ARC = YES;
				CLANG_ENABLE_OBJC_WEAK = YES;
				CLANG_WARN_BLOCK_CAPTURE_AUTORELEASING = YES;
				CLANG_WARN_BOOL_CONVERSION = YES;
				CLANG_WARN_COMMA = YES;
				CLANG_WARN_CONSTANT_CONVERSION = YES;
				CLANG_WARN_DEPRECATED_OBJC_IMPLEMENTATIONS = YES;
				CLANG_WARN_DIRECT_OBJC_ISA_USAGE = YES_ERROR;
				CLANG_WARN_DOCUMENTATION_COMMENTS = YES;
				CLANG_WARN_EMPTY_BODY = YES;
				CLANG_WARN_ENUM_CONVERSION = YES;
				CLANG_WARN_INFINITE_RECURSION = YES;
				CLANG_WARN_INT_CONVERSION = YES;
				CLANG_WARN_NON_LITERAL_NULL_CONVERSION = YES;
				CLANG_WARN_OBJC_IMPLICIT_RETAIN_SELF = YES;
				CLANG_WARN_OBJC_LITERAL_CONVERSION = YES;
				CLANG_WARN_OBJC_ROOT_CLASS = YES_ERROR;
				CLANG_WARN_RANGE_LOOP_ANALYSIS = YES;
				CLANG_WARN_STRICT_PROTOTYPES = YES;
				CLANG_WARN_SUSPICIOUS_MOVE = YES;
				CLANG_WARN_UNGUARDED_AVAILABILITY = YES_AGGRESSIVE;
				CLANG_WARN_UNREACHABLE_CODE = YES;
				CLANG_WARN__DUPLICATE_METHOD_MATCH = YES;
				CODE_SIGN_IDENTITY = "iPhone Developer";
				COPY_PHASE_STRIP = NO;
				DEBUG_INFORMATION_FORMAT = "dwarf-with-dsym";
				ENABLE_NS_ASSERTIONS = NO;
				ENABLE_STRICT_OBJC_MSGSEND = YES;
				GCC_C_LANGUAGE_STANDARD = gnu11;
				GCC_NO_COMMON_BLOCKS = YES;
				GCC_WARN_64_TO_32_BIT_CONVERSION = YES;
				GCC_WARN_ABOUT_RETURN_TYPE = YES_ERROR;
				GCC_WARN_UNDECLARED_SELECTOR = YES;
				GCC_WARN_UNINITIALIZED_AUTOS = YES_AGGRESSIVE;
				GCC_WARN_UNUSED_FUNCTION = YES;
				GCC_WARN_UNUSED_VARIABLE = YES;
				IPHONEOS_DEPLOYMENT_TARGET = 12.2;
				MTL_ENABLE_DEBUG_INFO = NO;
				MTL_FAST_MATH = YES;
				SDKROOT = iphoneos;
				SWIFT_COMPILATION_MODE = wholemodule;
				SWIFT_OPTIMIZATION_LEVEL = "-O";
				VALIDATE_PRODUCT = YES;
			};
			name = Release;
		};
		66575B6722E180790001DC16 /* Debug */ = {
			isa = XCBuildConfiguration;
			buildSettings = {
				ASSETCATALOG_COMPILER_APPICON_NAME = AppIcon;
				CODE_SIGN_STYLE = Automatic;
				DEVELOPMENT_TEAM = 97RAAHD4W7;
				INFOPLIST_FILE = "$(SRCROOT)/MovieSearch/Resources/Info.plist";
				LD_RUNPATH_SEARCH_PATHS = (
					"$(inherited)",
					"@executable_path/Frameworks",
				);
				PRODUCT_BUNDLE_IDENTIFIER = "ad-hoc";
				PRODUCT_NAME = "$(TARGET_NAME)";
				SWIFT_VERSION = 5.0;
				TARGETED_DEVICE_FAMILY = "1,2";
			};
			name = Debug;
		};
		66575B6822E180790001DC16 /* Release */ = {
			isa = XCBuildConfiguration;
			buildSettings = {
				ASSETCATALOG_COMPILER_APPICON_NAME = AppIcon;
				CODE_SIGN_STYLE = Automatic;
				DEVELOPMENT_TEAM = 97RAAHD4W7;
				INFOPLIST_FILE = "$(SRCROOT)/MovieSearch/Resources/Info.plist";
				LD_RUNPATH_SEARCH_PATHS = (
					"$(inherited)",
					"@executable_path/Frameworks",
				);
				PRODUCT_BUNDLE_IDENTIFIER = "ad-hoc";
				PRODUCT_NAME = "$(TARGET_NAME)";
				SWIFT_VERSION = 5.0;
				TARGETED_DEVICE_FAMILY = "1,2";
			};
			name = Release;
		};
		66575B6A22E180790001DC16 /* Debug */ = {
			isa = XCBuildConfiguration;
			buildSettings = {
				ALWAYS_EMBED_SWIFT_STANDARD_LIBRARIES = YES;
				BUNDLE_LOADER = "$(TEST_HOST)";
				CODE_SIGN_STYLE = Automatic;
				INFOPLIST_FILE = MovieSearchTests/Info.plist;
				LD_RUNPATH_SEARCH_PATHS = (
					"$(inherited)",
					"@executable_path/Frameworks",
					"@loader_path/Frameworks",
				);
				PRODUCT_BUNDLE_IDENTIFIER = com.twitter.MovieSearchTests;
				PRODUCT_NAME = "$(TARGET_NAME)";
				SWIFT_VERSION = 5.0;
				TARGETED_DEVICE_FAMILY = "1,2";
				TEST_HOST = "$(BUILT_PRODUCTS_DIR)/MovieSearch.app/MovieSearch";
			};
			name = Debug;
		};
		66575B6B22E180790001DC16 /* Release */ = {
			isa = XCBuildConfiguration;
			buildSettings = {
				ALWAYS_EMBED_SWIFT_STANDARD_LIBRARIES = YES;
				BUNDLE_LOADER = "$(TEST_HOST)";
				CODE_SIGN_STYLE = Automatic;
				INFOPLIST_FILE = MovieSearchTests/Info.plist;
				LD_RUNPATH_SEARCH_PATHS = (
					"$(inherited)",
					"@executable_path/Frameworks",
					"@loader_path/Frameworks",
				);
				PRODUCT_BUNDLE_IDENTIFIER = com.twitter.MovieSearchTests;
				PRODUCT_NAME = "$(TARGET_NAME)";
				SWIFT_VERSION = 5.0;
				TARGETED_DEVICE_FAMILY = "1,2";
				TEST_HOST = "$(BUILT_PRODUCTS_DIR)/MovieSearch.app/MovieSearch";
			};
			name = Release;
		};
/* End XCBuildConfiguration section */

/* Begin XCConfigurationList section */
		66575B4422E180780001DC16 /* Build configuration list for PBXProject "MovieSearch" */ = {
			isa = XCConfigurationList;
			buildConfigurations = (
				66575B6422E180790001DC16 /* Debug */,
				66575B6522E180790001DC16 /* Release */,
			);
			defaultConfigurationIsVisible = 0;
			defaultConfigurationName = Release;
		};
		66575B6622E180790001DC16 /* Build configuration list for PBXNativeTarget "MovieSearch" */ = {
			isa = XCConfigurationList;
			buildConfigurations = (
				66575B6722E180790001DC16 /* Debug */,
				66575B6822E180790001DC16 /* Release */,
			);
			defaultConfigurationIsVisible = 0;
			defaultConfigurationName = Release;
		};
		66575B6922E180790001DC16 /* Build configuration list for PBXNativeTarget "MovieSearchTests" */ = {
			isa = XCConfigurationList;
			buildConfigurations = (
				66575B6A22E180790001DC16 /* Debug */,
				66575B6B22E180790001DC16 /* Release */,
			);
			defaultConfigurationIsVisible = 0;
			defaultConfigurationName = Release;
		};
/* End XCConfigurationList section */
	};
	rootObject = 66575B4122E180780001DC16 /* Project object */;
}
